
Microsoft Visual Studio Solution File, Format Version 12.00
# Visual Studio Version 16
VisualStudioVersion = 16.0.31702.278
MinimumVisualStudioVersion = 10.0.40219.1
Project("{FAE04EC0-301F-11D3-BF4B-00C04F79EFBC}") = "Examen-Unidad-6", "Examen-Unidad-6\Examen-Unidad-6.csproj", "{0A954799-100C-4584-88D6-9333D2420601}"
EndProject
Global
	GlobalSection(SolutionConfigurationPlatforms) = preSolution
		Debug|Any CPU = Debug|Any CPU
		Release|Any CPU = Release|Any CPU
	EndGlobalSection
	GlobalSection(ProjectConfigurationPlatforms) = postSolution
		{0A954799-100C-4584-88D6-9333D2420601}.Debug|Any CPU.ActiveCfg = Debug|Any CPU
		{0A954799-100C-4584-88D6-9333D2420601}.Debug|Any CPU.Build.0 = Debug|Any CPU
		{0A954799-100C-4584-88D6-9333D2420601}.Release|Any CPU.ActiveCfg = Release|Any CPU
		{0A954799-100C-4584-88D6-9333D2420601}.Release|Any CPU.Build.0 = Release|Any CPU
	EndGlobalSection
	GlobalSection(SolutionProperties) = preSolution
		HideSolutionNode = FALSE
	EndGlobalSection
	GlobalSection(ExtensibilityGlobals) = postSolution
		SolutionGuid = {2B210ACB-3801-4D7C-9B56-9287F8EB12AA}
	EndGlobalSection
EndGlobal
